
Microsoft Visual Studio Solution File, Format Version 12.00
# Visual Studio 14
VisualStudioVersion = 14.0.24720.0
MinimumVisualStudioVersion = 10.0.40219.1
Project("{FAE04EC0-301F-11D3-BF4B-00C04F79EFBC}") = "01.NumbersFrom1ToN", "01.NumbersFrom1ToN\01.NumbersFrom1ToN.csproj", "{C306E7C5-321A-4565-8939-78AD6226061C}"
EndProject
Project("{FAE04EC0-301F-11D3-BF4B-00C04F79EFBC}") = "02.NotDivisibleNumbers", "02.NotDivisibleNumbers\02.NotDivisibleNumbers.csproj", "{8AE700F6-ACD2-4C2E-B8FB-4FFDF211368A}"
EndProject
Project("{FAE04EC0-301F-11D3-BF4B-00C04F79EFBC}") = "03.MMSAOfNNumbers", "03.MMSAOfNNumbers\03.MMSAOfNNumbers.csproj", "{D825F7DC-69DA-4EE5-8787-D2AAC40A4B95}"
EndProject
Project("{FAE04EC0-301F-11D3-BF4B-00C04F79EFBC}") = "11.BinaryToDecimal", "11.BinaryToDecimal\11.BinaryToDecimal.csproj", "{FC8A421F-B09D-4A6A-86A7-F2E177A8A4E2}"
EndProject
Project("{FAE04EC0-301F-11D3-BF4B-00C04F79EFBC}") = "04.PrintADeck", "04.PrintADeck\04.PrintADeck.csproj", "{00D43B47-57B2-4C73-BC78-E3B5C4FC219B}"
EndProject
Project("{FAE04EC0-301F-11D3-BF4B-00C04F79EFBC}") = "05.Calculate!", "05.Calculate!\05.Calculate!.csproj", "{1262C846-AE44-4F6E-A4A1-558794A66B5B}"
EndProject
Project("{FAE04EC0-301F-11D3-BF4B-00C04F79EFBC}") = "08.CatalanNumbers", "08.CatalanNumbers\08.CatalanNumbers.csproj", "{98C0450F-E41B-483E-9424-5EE0F786A2C1}"
EndProject
Project("{FAE04EC0-301F-11D3-BF4B-00C04F79EFBC}") = "10.OddAndEvenProduct", "10.OddAndEvenProduct\10.OddAndEvenProduct.csproj", "{449A2E55-810B-49A5-BCA1-32768A89E6FF}"
EndProject
Project("{FAE04EC0-301F-11D3-BF4B-00C04F79EFBC}") = "06.CalculateAgain!", "06.CalculateAgain!\06.CalculateAgain!.csproj", "{75E7CABF-021D-4BAD-871C-38D1BC3CD838}"
EndProject
Project("{FAE04EC0-301F-11D3-BF4B-00C04F79EFBC}") = "12.DecimalToBinary", "12.DecimalToBinary\12.DecimalToBinary.csproj", "{6AD4875D-4F6E-4CC1-8F17-3BB068E613C4}"
EndProject
Project("{FAE04EC0-301F-11D3-BF4B-00C04F79EFBC}") = "13.DecimalToHex", "13.DecimalToHex\13.DecimalToHex.csproj", "{552FF841-0358-41E9-9E1A-0A9BFEEE9FDD}"
EndProject
Project("{FAE04EC0-301F-11D3-BF4B-00C04F79EFBC}") = "14.HexToDecimal", "14.HexToDecimal\14.HexToDecimal.csproj", "{6A5233E1-1DA2-497F-A10F-DE19100705B3}"
EndProject
Project("{FAE04EC0-301F-11D3-BF4B-00C04F79EFBC}") = "16.Trailing0InN", "16.Trailing0InN\16.Trailing0InN.csproj", "{0B49944F-9239-4653-9CD1-9B861FDD017E}"
EndProject
Global
	GlobalSection(SolutionConfigurationPlatforms) = preSolution
		Debug|Any CPU = Debug|Any CPU
		Release|Any CPU = Release|Any CPU
	EndGlobalSection
	GlobalSection(ProjectConfigurationPlatforms) = postSolution
		{C306E7C5-321A-4565-8939-78AD6226061C}.Debug|Any CPU.ActiveCfg = Debug|Any CPU
		{C306E7C5-321A-4565-8939-78AD6226061C}.Debug|Any CPU.Build.0 = Debug|Any CPU
		{C306E7C5-321A-4565-8939-78AD6226061C}.Release|Any CPU.ActiveCfg = Release|Any CPU
		{C306E7C5-321A-4565-8939-78AD6226061C}.Release|Any CPU.Build.0 = Release|Any CPU
		{8AE700F6-ACD2-4C2E-B8FB-4FFDF211368A}.Debug|Any CPU.ActiveCfg = Debug|Any CPU
		{8AE700F6-ACD2-4C2E-B8FB-4FFDF211368A}.Debug|Any CPU.Build.0 = Debug|Any CPU
		{8AE700F6-ACD2-4C2E-B8FB-4FFDF211368A}.Release|Any CPU.ActiveCfg = Release|Any CPU
		{8AE700F6-ACD2-4C2E-B8FB-4FFDF211368A}.Release|Any CPU.Build.0 = Release|Any CPU
		{D825F7DC-69DA-4EE5-8787-D2AAC40A4B95}.Debug|Any CPU.ActiveCfg = Debug|Any CPU
		{D825F7DC-69DA-4EE5-8787-D2AAC40A4B95}.Debug|Any CPU.Build.0 = Debug|Any CPU
		{D825F7DC-69DA-4EE5-8787-D2AAC40A4B95}.Release|Any CPU.ActiveCfg = Release|Any CPU
		{D825F7DC-69DA-4EE5-8787-D2AAC40A4B95}.Release|Any CPU.Build.0 = Release|Any CPU
		{FC8A421F-B09D-4A6A-86A7-F2E177A8A4E2}.Debug|Any CPU.ActiveCfg = Debug|Any CPU
		{FC8A421F-B09D-4A6A-86A7-F2E177A8A4E2}.Debug|Any CPU.Build.0 = Debug|Any CPU
		{FC8A421F-B09D-4A6A-86A7-F2E177A8A4E2}.Release|Any CPU.ActiveCfg = Release|Any CPU
		{FC8A421F-B09D-4A6A-86A7-F2E177A8A4E2}.Release|Any CPU.Build.0 = Release|Any CPU
		{00D43B47-57B2-4C73-BC78-E3B5C4FC219B}.Debug|Any CPU.ActiveCfg = Debug|Any CPU
		{00D43B47-57B2-4C73-BC78-E3B5C4FC219B}.Debug|Any CPU.Build.0 = Debug|Any CPU
		{00D43B47-57B2-4C73-BC78-E3B5C4FC219B}.Release|Any CPU.ActiveCfg = Release|Any CPU
		{00D43B47-57B2-4C73-BC78-E3B5C4FC219B}.Release|Any CPU.Build.0 = Release|Any CPU
		{1262C846-AE44-4F6E-A4A1-558794A66B5B}.Debug|Any CPU.ActiveCfg = Debug|Any CPU
		{1262C846-AE44-4F6E-A4A1-558794A66B5B}.Debug|Any CPU.Build.0 = Debug|Any CPU
		{1262C846-AE44-4F6E-A4A1-558794A66B5B}.Release|Any CPU.ActiveCfg = Release|Any CPU
		{1262C846-AE44-4F6E-A4A1-558794A66B5B}.Release|Any CPU.Build.0 = Release|Any CPU
		{98C0450F-E41B-483E-9424-5EE0F786A2C1}.Debug|Any CPU.ActiveCfg = Debug|Any CPU
		{98C0450F-E41B-483E-9424-5EE0F786A2C1}.Debug|Any CPU.Build.0 = Debug|Any CPU
		{98C0450F-E41B-483E-9424-5EE0F786A2C1}.Release|Any CPU.ActiveCfg = Release|Any CPU
		{98C0450F-E41B-483E-9424-5EE0F786A2C1}.Release|Any CPU.Build.0 = Release|Any CPU
		{449A2E55-810B-49A5-BCA1-32768A89E6FF}.Debug|Any CPU.ActiveCfg = Debug|Any CPU
		{449A2E55-810B-49A5-BCA1-32768A89E6FF}.Debug|Any CPU.Build.0 = Debug|Any CPU
		{449A2E55-810B-49A5-BCA1-32768A89E6FF}.Release|Any CPU.ActiveCfg = Release|Any CPU
		{449A2E55-810B-49A5-BCA1-32768A89E6FF}.Release|Any CPU.Build.0 = Release|Any CPU
		{75E7CABF-021D-4BAD-871C-38D1BC3CD838}.Debug|Any CPU.ActiveCfg = Debug|Any CPU
		{75E7CABF-021D-4BAD-871C-38D1BC3CD838}.Debug|Any CPU.Build.0 = Debug|Any CPU
		{75E7CABF-021D-4BAD-871C-38D1BC3CD838}.Release|Any CPU.ActiveCfg = Release|Any CPU
		{75E7CABF-021D-4BAD-871C-38D1BC3CD838}.Release|Any CPU.Build.0 = Release|Any CPU
		{6AD4875D-4F6E-4CC1-8F17-3BB068E613C4}.Debug|Any CPU.ActiveCfg = Debug|Any CPU
		{6AD4875D-4F6E-4CC1-8F17-3BB068E613C4}.Debug|Any CPU.Build.0 = Debug|Any CPU
		{6AD4875D-4F6E-4CC1-8F17-3BB068E613C4}.Release|Any CPU.ActiveCfg = Release|Any CPU
		{6AD4875D-4F6E-4CC1-8F17-3BB068E613C4}.Release|Any CPU.Build.0 = Release|Any CPU
		{552FF841-0358-41E9-9E1A-0A9BFEEE9FDD}.Debug|Any CPU.ActiveCfg = Debug|Any CPU
		{552FF841-0358-41E9-9E1A-0A9BFEEE9FDD}.Debug|Any CPU.Build.0 = Debug|Any CPU
		{552FF841-0358-41E9-9E1A-0A9BFEEE9FDD}.Release|Any CPU.ActiveCfg = Release|Any CPU
		{552FF841-0358-41E9-9E1A-0A9BFEEE9FDD}.Release|Any CPU.Build.0 = Release|Any CPU
		{6A5233E1-1DA2-497F-A10F-DE19100705B3}.Debug|Any CPU.ActiveCfg = Debug|Any CPU
		{6A5233E1-1DA2-497F-A10F-DE19100705B3}.Debug|Any CPU.Build.0 = Debug|Any CPU
		{6A5233E1-1DA2-497F-A10F-DE19100705B3}.Release|Any CPU.ActiveCfg = Release|Any CPU
		{6A5233E1-1DA2-497F-A10F-DE19100705B3}.Release|Any CPU.Build.0 = Release|Any CPU
		{0B49944F-9239-4653-9CD1-9B861FDD017E}.Debug|Any CPU.ActiveCfg = Debug|Any CPU
		{0B49944F-9239-4653-9CD1-9B861FDD017E}.Debug|Any CPU.Build.0 = Debug|Any CPU
		{0B49944F-9239-4653-9CD1-9B861FDD017E}.Release|Any CPU.ActiveCfg = Release|Any CPU
		{0B49944F-9239-4653-9CD1-9B861FDD017E}.Release|Any CPU.Build.0 = Release|Any CPU
	EndGlobalSection
	GlobalSection(SolutionProperties) = preSolution
		HideSolutionNode = FALSE
	EndGlobalSection
EndGlobal
