
Microsoft Visual Studio Solution File, Format Version 12.00
# Visual Studio 14
VisualStudioVersion = 14.0.24720.0
MinimumVisualStudioVersion = 10.0.40219.1
Project("{FAE04EC0-301F-11D3-BF4B-00C04F79EFBC}") = "01.OddOrEven", "01.OddOrEven\01.OddOrEven.csproj", "{B66E06B4-9470-493D-BA78-08660DF0E086}"
EndProject
Project("{FAE04EC0-301F-11D3-BF4B-00C04F79EFBC}") = "02.MoonGravity", "02.MoonGravity\02.MoonGravity.csproj", "{455F6064-730C-46B5-9CB9-1B5667A10BED}"
EndProject
Project("{FAE04EC0-301F-11D3-BF4B-00C04F79EFBC}") = "03.DivideBy7And5", "03.DivideBy7And5\03.DivideBy7And5.csproj", "{7F517ADE-CC74-4CA4-ACEE-E567C81F794A}"
EndProject
Project("{FAE04EC0-301F-11D3-BF4B-00C04F79EFBC}") = "04.Rectangles", "04.Rectangles\04.Rectangles.csproj", "{F34650B8-B1D7-4CA7-A9E8-BD418CE725B1}"
EndProject
Project("{FAE04EC0-301F-11D3-BF4B-00C04F79EFBC}") = "05.ThirdDigit", "05.ThirdDigit\05.ThirdDigit.csproj", "{7B1A9290-649F-4944-AE77-99A086152F07}"
EndProject
Project("{FAE04EC0-301F-11D3-BF4B-00C04F79EFBC}") = "06.FourDigits", "06.FourDigits\06.FourDigits.csproj", "{98B3FEA3-58F1-4117-83A0-ABCBE226CE15}"
EndProject
Project("{FAE04EC0-301F-11D3-BF4B-00C04F79EFBC}") = "07.PointInACircle", "07.PointInACircle\07.PointInACircle.csproj", "{82B383B1-889D-4FDF-BBD4-53D231CE47DA}"
EndProject
Project("{FAE04EC0-301F-11D3-BF4B-00C04F79EFBC}") = "08.PrimeCheck", "08.PrimeCheck\08.PrimeCheck.csproj", "{BF1BFDF1-DAA5-4E19-AEE3-010A5D88C41A}"
EndProject
Project("{FAE04EC0-301F-11D3-BF4B-00C04F79EFBC}") = "09.Trapezoids", "09.Trapezoids\09.Trapezoids.csproj", "{D2F1776D-5820-44B0-95C1-025A4636EC35}"
EndProject
Project("{FAE04EC0-301F-11D3-BF4B-00C04F79EFBC}") = "10.PointCircleRectangle", "10.PointCircleRectangle\10.PointCircleRectangle.csproj", "{3CD48B26-77F0-47F2-B56E-30CA65B509F8}"
EndProject
Project("{FAE04EC0-301F-11D3-BF4B-00C04F79EFBC}") = "11.3rdBit", "11.3rdBit\11.3rdBit.csproj", "{D8A2CB27-20A2-4C5E-A4E0-F682AAA503AB}"
EndProject
Project("{FAE04EC0-301F-11D3-BF4B-00C04F79EFBC}") = "12.NthBit", "12.NthBit\12.NthBit.csproj", "{A497BAAE-76F4-4796-91E3-34D1F7044418}"
EndProject
Project("{FAE04EC0-301F-11D3-BF4B-00C04F79EFBC}") = "13.ModifyBit", "13.ModifyBit\13.ModifyBit.csproj", "{B18B15C0-D336-40D6-A805-3494B440E923}"
EndProject
Project("{FAE04EC0-301F-11D3-BF4B-00C04F79EFBC}") = "14.BitExchange", "14.BitExchange\14.BitExchange.csproj", "{1B2A8B8C-CB78-41AC-8E0B-DBF9B365F0D1}"
EndProject
Project("{FAE04EC0-301F-11D3-BF4B-00C04F79EFBC}") = "15.BitSwap", "15.BitSwap\15.BitSwap.csproj", "{9A2BCA45-BD38-4F4E-9880-45EA8B68F2A8}"
EndProject
Global
	GlobalSection(SolutionConfigurationPlatforms) = preSolution
		Debug|Any CPU = Debug|Any CPU
		Release|Any CPU = Release|Any CPU
	EndGlobalSection
	GlobalSection(ProjectConfigurationPlatforms) = postSolution
		{B66E06B4-9470-493D-BA78-08660DF0E086}.Debug|Any CPU.ActiveCfg = Debug|Any CPU
		{B66E06B4-9470-493D-BA78-08660DF0E086}.Debug|Any CPU.Build.0 = Debug|Any CPU
		{B66E06B4-9470-493D-BA78-08660DF0E086}.Release|Any CPU.ActiveCfg = Release|Any CPU
		{B66E06B4-9470-493D-BA78-08660DF0E086}.Release|Any CPU.Build.0 = Release|Any CPU
		{455F6064-730C-46B5-9CB9-1B5667A10BED}.Debug|Any CPU.ActiveCfg = Debug|Any CPU
		{455F6064-730C-46B5-9CB9-1B5667A10BED}.Debug|Any CPU.Build.0 = Debug|Any CPU
		{455F6064-730C-46B5-9CB9-1B5667A10BED}.Release|Any CPU.ActiveCfg = Release|Any CPU
		{455F6064-730C-46B5-9CB9-1B5667A10BED}.Release|Any CPU.Build.0 = Release|Any CPU
		{7F517ADE-CC74-4CA4-ACEE-E567C81F794A}.Debug|Any CPU.ActiveCfg = Debug|Any CPU
		{7F517ADE-CC74-4CA4-ACEE-E567C81F794A}.Debug|Any CPU.Build.0 = Debug|Any CPU
		{7F517ADE-CC74-4CA4-ACEE-E567C81F794A}.Release|Any CPU.ActiveCfg = Release|Any CPU
		{7F517ADE-CC74-4CA4-ACEE-E567C81F794A}.Release|Any CPU.Build.0 = Release|Any CPU
		{F34650B8-B1D7-4CA7-A9E8-BD418CE725B1}.Debug|Any CPU.ActiveCfg = Debug|Any CPU
		{F34650B8-B1D7-4CA7-A9E8-BD418CE725B1}.Debug|Any CPU.Build.0 = Debug|Any CPU
		{F34650B8-B1D7-4CA7-A9E8-BD418CE725B1}.Release|Any CPU.ActiveCfg = Release|Any CPU
		{F34650B8-B1D7-4CA7-A9E8-BD418CE725B1}.Release|Any CPU.Build.0 = Release|Any CPU
		{7B1A9290-649F-4944-AE77-99A086152F07}.Debug|Any CPU.ActiveCfg = Debug|Any CPU
		{7B1A9290-649F-4944-AE77-99A086152F07}.Debug|Any CPU.Build.0 = Debug|Any CPU
		{7B1A9290-649F-4944-AE77-99A086152F07}.Release|Any CPU.ActiveCfg = Release|Any CPU
		{7B1A9290-649F-4944-AE77-99A086152F07}.Release|Any CPU.Build.0 = Release|Any CPU
		{98B3FEA3-58F1-4117-83A0-ABCBE226CE15}.Debug|Any CPU.ActiveCfg = Debug|Any CPU
		{98B3FEA3-58F1-4117-83A0-ABCBE226CE15}.Debug|Any CPU.Build.0 = Debug|Any CPU
		{98B3FEA3-58F1-4117-83A0-ABCBE226CE15}.Release|Any CPU.ActiveCfg = Release|Any CPU
		{98B3FEA3-58F1-4117-83A0-ABCBE226CE15}.Release|Any CPU.Build.0 = Release|Any CPU
		{82B383B1-889D-4FDF-BBD4-53D231CE47DA}.Debug|Any CPU.ActiveCfg = Debug|Any CPU
		{82B383B1-889D-4FDF-BBD4-53D231CE47DA}.Debug|Any CPU.Build.0 = Debug|Any CPU
		{82B383B1-889D-4FDF-BBD4-53D231CE47DA}.Release|Any CPU.ActiveCfg = Release|Any CPU
		{82B383B1-889D-4FDF-BBD4-53D231CE47DA}.Release|Any CPU.Build.0 = Release|Any CPU
		{BF1BFDF1-DAA5-4E19-AEE3-010A5D88C41A}.Debug|Any CPU.ActiveCfg = Debug|Any CPU
		{BF1BFDF1-DAA5-4E19-AEE3-010A5D88C41A}.Debug|Any CPU.Build.0 = Debug|Any CPU
		{BF1BFDF1-DAA5-4E19-AEE3-010A5D88C41A}.Release|Any CPU.ActiveCfg = Release|Any CPU
		{BF1BFDF1-DAA5-4E19-AEE3-010A5D88C41A}.Release|Any CPU.Build.0 = Release|Any CPU
		{D2F1776D-5820-44B0-95C1-025A4636EC35}.Debug|Any CPU.ActiveCfg = Debug|Any CPU
		{D2F1776D-5820-44B0-95C1-025A4636EC35}.Debug|Any CPU.Build.0 = Debug|Any CPU
		{D2F1776D-5820-44B0-95C1-025A4636EC35}.Release|Any CPU.ActiveCfg = Release|Any CPU
		{D2F1776D-5820-44B0-95C1-025A4636EC35}.Release|Any CPU.Build.0 = Release|Any CPU
		{3CD48B26-77F0-47F2-B56E-30CA65B509F8}.Debug|Any CPU.ActiveCfg = Debug|Any CPU
		{3CD48B26-77F0-47F2-B56E-30CA65B509F8}.Debug|Any CPU.Build.0 = Debug|Any CPU
		{3CD48B26-77F0-47F2-B56E-30CA65B509F8}.Release|Any CPU.ActiveCfg = Release|Any CPU
		{3CD48B26-77F0-47F2-B56E-30CA65B509F8}.Release|Any CPU.Build.0 = Release|Any CPU
		{D8A2CB27-20A2-4C5E-A4E0-F682AAA503AB}.Debug|Any CPU.ActiveCfg = Debug|Any CPU
		{D8A2CB27-20A2-4C5E-A4E0-F682AAA503AB}.Debug|Any CPU.Build.0 = Debug|Any CPU
		{D8A2CB27-20A2-4C5E-A4E0-F682AAA503AB}.Release|Any CPU.ActiveCfg = Release|Any CPU
		{D8A2CB27-20A2-4C5E-A4E0-F682AAA503AB}.Release|Any CPU.Build.0 = Release|Any CPU
		{A497BAAE-76F4-4796-91E3-34D1F7044418}.Debug|Any CPU.ActiveCfg = Debug|Any CPU
		{A497BAAE-76F4-4796-91E3-34D1F7044418}.Debug|Any CPU.Build.0 = Debug|Any CPU
		{A497BAAE-76F4-4796-91E3-34D1F7044418}.Release|Any CPU.ActiveCfg = Release|Any CPU
		{A497BAAE-76F4-4796-91E3-34D1F7044418}.Release|Any CPU.Build.0 = Release|Any CPU
		{B18B15C0-D336-40D6-A805-3494B440E923}.Debug|Any CPU.ActiveCfg = Debug|Any CPU
		{B18B15C0-D336-40D6-A805-3494B440E923}.Debug|Any CPU.Build.0 = Debug|Any CPU
		{B18B15C0-D336-40D6-A805-3494B440E923}.Release|Any CPU.ActiveCfg = Release|Any CPU
		{B18B15C0-D336-40D6-A805-3494B440E923}.Release|Any CPU.Build.0 = Release|Any CPU
		{1B2A8B8C-CB78-41AC-8E0B-DBF9B365F0D1}.Debug|Any CPU.ActiveCfg = Debug|Any CPU
		{1B2A8B8C-CB78-41AC-8E0B-DBF9B365F0D1}.Debug|Any CPU.Build.0 = Debug|Any CPU
		{1B2A8B8C-CB78-41AC-8E0B-DBF9B365F0D1}.Release|Any CPU.ActiveCfg = Release|Any CPU
		{1B2A8B8C-CB78-41AC-8E0B-DBF9B365F0D1}.Release|Any CPU.Build.0 = Release|Any CPU
		{9A2BCA45-BD38-4F4E-9880-45EA8B68F2A8}.Debug|Any CPU.ActiveCfg = Debug|Any CPU
		{9A2BCA45-BD38-4F4E-9880-45EA8B68F2A8}.Debug|Any CPU.Build.0 = Debug|Any CPU
		{9A2BCA45-BD38-4F4E-9880-45EA8B68F2A8}.Release|Any CPU.ActiveCfg = Release|Any CPU
		{9A2BCA45-BD38-4F4E-9880-45EA8B68F2A8}.Release|Any CPU.Build.0 = Release|Any CPU
	EndGlobalSection
	GlobalSection(SolutionProperties) = preSolution
		HideSolutionNode = FALSE
	EndGlobalSection
EndGlobal
