
Microsoft Visual Studio Solution File, Format Version 12.00
# Visual Studio 14
VisualStudioVersion = 14.0.24720.0
MinimumVisualStudioVersion = 10.0.40219.1
Project("{FAE04EC0-301F-11D3-BF4B-00C04F79EFBC}") = "04.HelloWorld", "04.HelloWorld\04.HelloWorld.csproj", "{14A9D5CF-C65E-474B-BA2C-934460F795A9}"
EndProject
Project("{FAE04EC0-301F-11D3-BF4B-00C04F79EFBC}") = "06.PrintNumbers", "06.PrintNumbers\06.PrintNumbers.csproj", "{FD40F14C-5EF2-4B0E-93F0-E43D685CFA75}"
EndProject
Project("{FAE04EC0-301F-11D3-BF4B-00C04F79EFBC}") = "08.SquareRoot", "08.SquareRoot\08.SquareRoot.csproj", "{567DFA31-F317-4536-8013-268543C20351}"
EndProject
Project("{FAE04EC0-301F-11D3-BF4B-00C04F79EFBC}") = "09.PrintSequence", "09.PrintSequence\09.PrintSequence.csproj", "{CF6C56B4-DCC7-40C1-BFCC-5ECEB56B3115}"
EndProject
Project("{FAE04EC0-301F-11D3-BF4B-00C04F79EFBC}") = "16.LongSequence", "16.LongSequence\16.LongSequence.csproj", "{27E7221F-E28A-4D5A-8D97-E55C71B02375}"
EndProject
Project("{FAE04EC0-301F-11D3-BF4B-00C04F79EFBC}") = "15.Age", "15.Age\15.Age.csproj", "{05C4453F-E543-4226-B59D-A30BC278E050}"
EndProject
Project("{FAE04EC0-301F-11D3-BF4B-00C04F79EFBC}") = "14.CurrentDateAndTime", "14.CurrentDateAndTime\14.CurrentDateAndTime.csproj", "{79A96FB5-1E4D-4012-8A41-522FB537CCC5}"
EndProject
Project("{FAE04EC0-301F-11D3-BF4B-00C04F79EFBC}") = "10.FormatCode", "10.FormatCode\10.FormatCode.csproj", "{8C2E654D-DB02-416F-83AB-4A31843DBCA0}"
EndProject
Project("{FAE04EC0-301F-11D3-BF4B-00C04F79EFBC}") = "05.PrintName", "05.PrintName\05.PrintName.csproj", "{98A06BE8-480D-4C1F-A4AA-B8854D1E3056}"
EndProject
Project("{2150E333-8FDC-42A3-9474-1A3956D46DE8}") = "Solution Items", "Solution Items", "{BED7B19E-540F-4BED-8F03-35E6AC459E8F}"
	ProjectSection(SolutionItems) = preProject
		programming-languages.txt = programming-languages.txt
	EndProjectSection
EndProject
Global
	GlobalSection(SolutionConfigurationPlatforms) = preSolution
		Debug|Any CPU = Debug|Any CPU
		Release|Any CPU = Release|Any CPU
	EndGlobalSection
	GlobalSection(ProjectConfigurationPlatforms) = postSolution
		{14A9D5CF-C65E-474B-BA2C-934460F795A9}.Debug|Any CPU.ActiveCfg = Debug|Any CPU
		{14A9D5CF-C65E-474B-BA2C-934460F795A9}.Debug|Any CPU.Build.0 = Debug|Any CPU
		{14A9D5CF-C65E-474B-BA2C-934460F795A9}.Release|Any CPU.ActiveCfg = Release|Any CPU
		{14A9D5CF-C65E-474B-BA2C-934460F795A9}.Release|Any CPU.Build.0 = Release|Any CPU
		{FD40F14C-5EF2-4B0E-93F0-E43D685CFA75}.Debug|Any CPU.ActiveCfg = Debug|Any CPU
		{FD40F14C-5EF2-4B0E-93F0-E43D685CFA75}.Debug|Any CPU.Build.0 = Debug|Any CPU
		{FD40F14C-5EF2-4B0E-93F0-E43D685CFA75}.Release|Any CPU.ActiveCfg = Release|Any CPU
		{FD40F14C-5EF2-4B0E-93F0-E43D685CFA75}.Release|Any CPU.Build.0 = Release|Any CPU
		{567DFA31-F317-4536-8013-268543C20351}.Debug|Any CPU.ActiveCfg = Debug|Any CPU
		{567DFA31-F317-4536-8013-268543C20351}.Debug|Any CPU.Build.0 = Debug|Any CPU
		{567DFA31-F317-4536-8013-268543C20351}.Release|Any CPU.ActiveCfg = Release|Any CPU
		{567DFA31-F317-4536-8013-268543C20351}.Release|Any CPU.Build.0 = Release|Any CPU
		{CF6C56B4-DCC7-40C1-BFCC-5ECEB56B3115}.Debug|Any CPU.ActiveCfg = Debug|Any CPU
		{CF6C56B4-DCC7-40C1-BFCC-5ECEB56B3115}.Debug|Any CPU.Build.0 = Debug|Any CPU
		{CF6C56B4-DCC7-40C1-BFCC-5ECEB56B3115}.Release|Any CPU.ActiveCfg = Release|Any CPU
		{CF6C56B4-DCC7-40C1-BFCC-5ECEB56B3115}.Release|Any CPU.Build.0 = Release|Any CPU
		{27E7221F-E28A-4D5A-8D97-E55C71B02375}.Debug|Any CPU.ActiveCfg = Debug|Any CPU
		{27E7221F-E28A-4D5A-8D97-E55C71B02375}.Debug|Any CPU.Build.0 = Debug|Any CPU
		{27E7221F-E28A-4D5A-8D97-E55C71B02375}.Release|Any CPU.ActiveCfg = Release|Any CPU
		{27E7221F-E28A-4D5A-8D97-E55C71B02375}.Release|Any CPU.Build.0 = Release|Any CPU
		{05C4453F-E543-4226-B59D-A30BC278E050}.Debug|Any CPU.ActiveCfg = Debug|Any CPU
		{05C4453F-E543-4226-B59D-A30BC278E050}.Debug|Any CPU.Build.0 = Debug|Any CPU
		{05C4453F-E543-4226-B59D-A30BC278E050}.Release|Any CPU.ActiveCfg = Release|Any CPU
		{05C4453F-E543-4226-B59D-A30BC278E050}.Release|Any CPU.Build.0 = Release|Any CPU
		{79A96FB5-1E4D-4012-8A41-522FB537CCC5}.Debug|Any CPU.ActiveCfg = Debug|Any CPU
		{79A96FB5-1E4D-4012-8A41-522FB537CCC5}.Debug|Any CPU.Build.0 = Debug|Any CPU
		{79A96FB5-1E4D-4012-8A41-522FB537CCC5}.Release|Any CPU.ActiveCfg = Release|Any CPU
		{79A96FB5-1E4D-4012-8A41-522FB537CCC5}.Release|Any CPU.Build.0 = Release|Any CPU
		{8C2E654D-DB02-416F-83AB-4A31843DBCA0}.Debug|Any CPU.ActiveCfg = Debug|Any CPU
		{8C2E654D-DB02-416F-83AB-4A31843DBCA0}.Debug|Any CPU.Build.0 = Debug|Any CPU
		{8C2E654D-DB02-416F-83AB-4A31843DBCA0}.Release|Any CPU.ActiveCfg = Release|Any CPU
		{8C2E654D-DB02-416F-83AB-4A31843DBCA0}.Release|Any CPU.Build.0 = Release|Any CPU
		{98A06BE8-480D-4C1F-A4AA-B8854D1E3056}.Debug|Any CPU.ActiveCfg = Debug|Any CPU
		{98A06BE8-480D-4C1F-A4AA-B8854D1E3056}.Debug|Any CPU.Build.0 = Debug|Any CPU
		{98A06BE8-480D-4C1F-A4AA-B8854D1E3056}.Release|Any CPU.ActiveCfg = Release|Any CPU
		{98A06BE8-480D-4C1F-A4AA-B8854D1E3056}.Release|Any CPU.Build.0 = Release|Any CPU
	EndGlobalSection
	GlobalSection(SolutionProperties) = preSolution
		HideSolutionNode = FALSE
	EndGlobalSection
EndGlobal
