
Microsoft Visual Studio Solution File, Format Version 12.00
# Visual Studio 14
VisualStudioVersion = 14.0.24720.0
MinimumVisualStudioVersion = 10.0.40219.1
Project("{FAE04EC0-301F-11D3-BF4B-00C04F79EFBC}") = "01.SumOf3Numbers", "01.SumOf3Numbers\01.SumOf3Numbers.csproj", "{ACC41693-007C-467A-B86C-7803596A0BC5}"
EndProject
Project("{FAE04EC0-301F-11D3-BF4B-00C04F79EFBC}") = "02.CompanyInfo", "02.CompanyInfo\02.CompanyInfo.csproj", "{12B53E68-B980-4753-8626-B5968A782547}"
EndProject
Project("{FAE04EC0-301F-11D3-BF4B-00C04F79EFBC}") = "03.Circle", "03.Circle\03.Circle.csproj", "{BF279BAE-0C8C-42E1-99C8-7BBAC2D3EB1B}"
EndProject
Project("{FAE04EC0-301F-11D3-BF4B-00C04F79EFBC}") = "04.FormattingNumbers", "04.FormattingNumbers\04.FormattingNumbers.csproj", "{FA036AAC-94A5-448F-9BDD-C159E1097D40}"
EndProject
Project("{FAE04EC0-301F-11D3-BF4B-00C04F79EFBC}") = "05.NumbersComparer", "05.NumbersComparer\05.NumbersComparer.csproj", "{4790CD15-BCB6-4E69-9B08-AD7EF7862F2A}"
EndProject
Project("{FAE04EC0-301F-11D3-BF4B-00C04F79EFBC}") = "06.QuadraticEquation", "06.QuadraticEquation\06.QuadraticEquation.csproj", "{0A5E5907-7406-4B4A-89B7-515A1DF09C34}"
EndProject
Project("{FAE04EC0-301F-11D3-BF4B-00C04F79EFBC}") = "07.SumOf5Numbers", "07.SumOf5Numbers\07.SumOf5Numbers.csproj", "{654CB786-465A-4137-B383-F933ED7D0603}"
EndProject
Project("{FAE04EC0-301F-11D3-BF4B-00C04F79EFBC}") = "08.NumbersFrom1ToN", "08.NumbersFrom1ToN\08.NumbersFrom1ToN.csproj", "{A4F595D3-803B-4C09-BF78-A6E95980A363}"
EndProject
Project("{FAE04EC0-301F-11D3-BF4B-00C04F79EFBC}") = "09.SumOfNNumbers", "09.SumOfNNumbers\09.SumOfNNumbers.csproj", "{672520BB-8C03-4736-8172-FBCBBD575C5B}"
EndProject
Project("{FAE04EC0-301F-11D3-BF4B-00C04F79EFBC}") = "10.FibonacciNumbers", "10.FibonacciNumbers\10.FibonacciNumbers.csproj", "{62706A3E-2A89-4068-B5C6-E7286584BB22}"
EndProject
Project("{FAE04EC0-301F-11D3-BF4B-00C04F79EFBC}") = "11.Interval", "11.Interval\11.Interval.csproj", "{BD378133-C9BB-4B89-81CF-65E9B8C93486}"
EndProject
Global
	GlobalSection(SolutionConfigurationPlatforms) = preSolution
		Debug|Any CPU = Debug|Any CPU
		Release|Any CPU = Release|Any CPU
	EndGlobalSection
	GlobalSection(ProjectConfigurationPlatforms) = postSolution
		{ACC41693-007C-467A-B86C-7803596A0BC5}.Debug|Any CPU.ActiveCfg = Debug|Any CPU
		{ACC41693-007C-467A-B86C-7803596A0BC5}.Debug|Any CPU.Build.0 = Debug|Any CPU
		{ACC41693-007C-467A-B86C-7803596A0BC5}.Release|Any CPU.ActiveCfg = Release|Any CPU
		{ACC41693-007C-467A-B86C-7803596A0BC5}.Release|Any CPU.Build.0 = Release|Any CPU
		{12B53E68-B980-4753-8626-B5968A782547}.Debug|Any CPU.ActiveCfg = Debug|Any CPU
		{12B53E68-B980-4753-8626-B5968A782547}.Debug|Any CPU.Build.0 = Debug|Any CPU
		{12B53E68-B980-4753-8626-B5968A782547}.Release|Any CPU.ActiveCfg = Release|Any CPU
		{12B53E68-B980-4753-8626-B5968A782547}.Release|Any CPU.Build.0 = Release|Any CPU
		{BF279BAE-0C8C-42E1-99C8-7BBAC2D3EB1B}.Debug|Any CPU.ActiveCfg = Debug|Any CPU
		{BF279BAE-0C8C-42E1-99C8-7BBAC2D3EB1B}.Debug|Any CPU.Build.0 = Debug|Any CPU
		{BF279BAE-0C8C-42E1-99C8-7BBAC2D3EB1B}.Release|Any CPU.ActiveCfg = Release|Any CPU
		{BF279BAE-0C8C-42E1-99C8-7BBAC2D3EB1B}.Release|Any CPU.Build.0 = Release|Any CPU
		{FA036AAC-94A5-448F-9BDD-C159E1097D40}.Debug|Any CPU.ActiveCfg = Debug|Any CPU
		{FA036AAC-94A5-448F-9BDD-C159E1097D40}.Debug|Any CPU.Build.0 = Debug|Any CPU
		{FA036AAC-94A5-448F-9BDD-C159E1097D40}.Release|Any CPU.ActiveCfg = Release|Any CPU
		{FA036AAC-94A5-448F-9BDD-C159E1097D40}.Release|Any CPU.Build.0 = Release|Any CPU
		{4790CD15-BCB6-4E69-9B08-AD7EF7862F2A}.Debug|Any CPU.ActiveCfg = Debug|Any CPU
		{4790CD15-BCB6-4E69-9B08-AD7EF7862F2A}.Debug|Any CPU.Build.0 = Debug|Any CPU
		{4790CD15-BCB6-4E69-9B08-AD7EF7862F2A}.Release|Any CPU.ActiveCfg = Release|Any CPU
		{4790CD15-BCB6-4E69-9B08-AD7EF7862F2A}.Release|Any CPU.Build.0 = Release|Any CPU
		{0A5E5907-7406-4B4A-89B7-515A1DF09C34}.Debug|Any CPU.ActiveCfg = Debug|Any CPU
		{0A5E5907-7406-4B4A-89B7-515A1DF09C34}.Debug|Any CPU.Build.0 = Debug|Any CPU
		{0A5E5907-7406-4B4A-89B7-515A1DF09C34}.Release|Any CPU.ActiveCfg = Release|Any CPU
		{0A5E5907-7406-4B4A-89B7-515A1DF09C34}.Release|Any CPU.Build.0 = Release|Any CPU
		{654CB786-465A-4137-B383-F933ED7D0603}.Debug|Any CPU.ActiveCfg = Debug|Any CPU
		{654CB786-465A-4137-B383-F933ED7D0603}.Debug|Any CPU.Build.0 = Debug|Any CPU
		{654CB786-465A-4137-B383-F933ED7D0603}.Release|Any CPU.ActiveCfg = Release|Any CPU
		{654CB786-465A-4137-B383-F933ED7D0603}.Release|Any CPU.Build.0 = Release|Any CPU
		{A4F595D3-803B-4C09-BF78-A6E95980A363}.Debug|Any CPU.ActiveCfg = Debug|Any CPU
		{A4F595D3-803B-4C09-BF78-A6E95980A363}.Debug|Any CPU.Build.0 = Debug|Any CPU
		{A4F595D3-803B-4C09-BF78-A6E95980A363}.Release|Any CPU.ActiveCfg = Release|Any CPU
		{A4F595D3-803B-4C09-BF78-A6E95980A363}.Release|Any CPU.Build.0 = Release|Any CPU
		{672520BB-8C03-4736-8172-FBCBBD575C5B}.Debug|Any CPU.ActiveCfg = Debug|Any CPU
		{672520BB-8C03-4736-8172-FBCBBD575C5B}.Debug|Any CPU.Build.0 = Debug|Any CPU
		{672520BB-8C03-4736-8172-FBCBBD575C5B}.Release|Any CPU.ActiveCfg = Release|Any CPU
		{672520BB-8C03-4736-8172-FBCBBD575C5B}.Release|Any CPU.Build.0 = Release|Any CPU
		{62706A3E-2A89-4068-B5C6-E7286584BB22}.Debug|Any CPU.ActiveCfg = Debug|Any CPU
		{62706A3E-2A89-4068-B5C6-E7286584BB22}.Debug|Any CPU.Build.0 = Debug|Any CPU
		{62706A3E-2A89-4068-B5C6-E7286584BB22}.Release|Any CPU.ActiveCfg = Release|Any CPU
		{62706A3E-2A89-4068-B5C6-E7286584BB22}.Release|Any CPU.Build.0 = Release|Any CPU
		{BD378133-C9BB-4B89-81CF-65E9B8C93486}.Debug|Any CPU.ActiveCfg = Debug|Any CPU
		{BD378133-C9BB-4B89-81CF-65E9B8C93486}.Debug|Any CPU.Build.0 = Debug|Any CPU
		{BD378133-C9BB-4B89-81CF-65E9B8C93486}.Release|Any CPU.ActiveCfg = Release|Any CPU
		{BD378133-C9BB-4B89-81CF-65E9B8C93486}.Release|Any CPU.Build.0 = Release|Any CPU
	EndGlobalSection
	GlobalSection(SolutionProperties) = preSolution
		HideSolutionNode = FALSE
	EndGlobalSection
EndGlobal
